PODS:
  - AFNetworking (2.0.0):
    - AFNetworking/NSURLConnection
    - AFNetworking/NSURLSession
    - AFNetworking/Reachability
    - AFNetworking/Security
    - AFNetworking/Serialization
    - AFNetworking/UIKit
  - AFNetworking/NSURLConnection (2.0.0):
    - AFNetworking/Reachability
    - AFNetworking/Security
    - AFNetworking/Serialization
  - AFNetworking/NSURLSession (2.0.0):
    - AFNetworking/Reachability
    - AFNetworking/Security
    - AFNetworking/Serialization
  - AFNetworking/Reachability (2.0.0)
  - AFNetworking/Security (2.0.0)
  - AFNetworking/Serialization (2.0.0)
  - AFNetworking/UIKit (2.0.0):
    - AFNetworking/NSURLConnection
  - CocoaSoundCloudAPI (1.0.1):
    - NXOAuth2Client (= 1.2.1)
  - CocoaSoundCloudUI (1.0.8):
    - CocoaSoundCloudAPI (~> 1.0.1)
    - OHAttributedLabel
  - EnumeratorKit (0.1.1):
    - EnumeratorKit/Core
  - EnumeratorKit/Core (0.1.1):
    - EnumeratorKit/EKFiber
  - EnumeratorKit/EKFiber (0.1.1)
  - NSDate+TimeAgo (1.0.2)
  - NXOAuth2Client (1.2.1)
  - OHAttributedLabel (3.5.2)
  - ReactiveCocoa (2.1):
    - ReactiveCocoa/Core
    - ReactiveCocoa/no-arc
  - ReactiveCocoa/Core (2.1):
    - ReactiveCocoa/no-arc
  - ReactiveCocoa/no-arc (2.1)
  - TestFlightSDK (2.1.1-beta)
  - UIColor-Utilities (1.0.1)

DEPENDENCIES:
  - AFNetworking
  - CocoaSoundCloudAPI
  - CocoaSoundCloudUI (from `https://github.com/rayh/CocoaSoundCloudUI.git`)
  - EnumeratorKit
  - NSDate+TimeAgo
  - ReactiveCocoa
  - TestFlightSDK
  - UIColor-Utilities

EXTERNAL SOURCES:
  CocoaSoundCloudUI:
    :git: https://github.com/rayh/CocoaSoundCloudUI.git

SPEC CHECKSUMS:
  AFNetworking: 3fa983b1beaba69566a3374612511e2a6e3fe845
  CocoaSoundCloudAPI: 71e8ac175772ed161bbff6f46f04b171136a8292
  CocoaSoundCloudUI: 47c6fefd6f96af2e07af6dab73db6d9af70177f7
  EnumeratorKit: 811a35e8f9a7f043f4a92492af0e1b0f70b5ec48
  NSDate+TimeAgo: fe93d3042e83093ae3630bc47ae7d57f782733f6
  NXOAuth2Client: 478bc4f9a04e7ba9908b6c40f8669321676af0ee
  OHAttributedLabel: 73cc99cbe32f94d51463853c7ac35a3fba185937
  ReactiveCocoa: b686fa735c28c2dc7311fbd2f0895b4d4ae07360
  TestFlightSDK: dea28c16f0bf65c49c4ed8939b2ae0b0ed9bf8b0
  UIColor-Utilities: a392783be1b72e5d5ad9ae450ef2280239441bc8

COCOAPODS: 0.26.2
